// !$*UTF8*$!
{
	archiveVersion = 1;
	classes = {
	};
	objectVersion = 56;
	objects = {

/* Begin PBXBuildFile section */
		1F19B4982ACB281000D46FC1 /* PhotoExplorerApp.swift in Sources */ = {isa = PBXBuildFile; fileRef = 1F19B4972ACB281000D46FC1 /* PhotoExplorerApp.swift */; };
		1F19B49A2ACB281000D46FC1 /* ContentView.swift in Sources */ = {isa = PBXBuildFile; fileRef = 1F19B4992ACB281000D46FC1 /* ContentView.swift */; };
		1F19B49C2ACB281200D46FC1 /* Assets.xcassets in Resources */ = {isa = PBXBuildFile; fileRef = 1F19B49B2ACB281200D46FC1 /* Assets.xcassets */; };
		1F19B49F2ACB281200D46FC1 /* Preview Assets.xcassets in Resources */ = {isa = PBXBuildFile; fileRef = 1F19B49E2ACB281200D46FC1 /* Preview Assets.xcassets */; };
		1F19B4A92ACB281200D46FC1 /* PhotoExplorerTests.swift in Sources */ = {isa = PBXBuildFile; fileRef = 1F19B4A82ACB281200D46FC1 /* PhotoExplorerTests.swift */; };
		1F19B4B32ACB281200D46FC1 /* PhotoExplorerUITests.swift in Sources */ = {isa = PBXBuildFile; fileRef = 1F19B4B22ACB281200D46FC1 /* PhotoExplorerUITests.swift */; };
		1F19B4B52ACB281200D46FC1 /* PhotoExplorerUITestsLaunchTests.swift in Sources */ = {isa = PBXBuildFile; fileRef = 1F19B4B42ACB281200D46FC1 /* PhotoExplorerUITestsLaunchTests.swift */; };
		1F19B4C22ACB293A00D46FC1 /* Constants.swift in Sources */ = {isa = PBXBuildFile; fileRef = 1F19B4C12ACB293A00D46FC1 /* Constants.swift */; };
		1F19B4C52ACB373200D46FC1 /* FlickrAPI.swift in Sources */ = {isa = PBXBuildFile; fileRef = 1F19B4C42ACB373200D46FC1 /* FlickrAPI.swift */; };
		1F19B4C72ACB37A000D46FC1 /* Endpoint.swift in Sources */ = {isa = PBXBuildFile; fileRef = 1F19B4C62ACB37A000D46FC1 /* Endpoint.swift */; };
		1F19B4C92ACB3AAF00D46FC1 /* FlickrPhotosResponse.swift in Sources */ = {isa = PBXBuildFile; fileRef = 1F19B4C82ACB3AAF00D46FC1 /* FlickrPhotosResponse.swift */; };
		1F19B4CB2ACB3B1E00D46FC1 /* Photo.swift in Sources */ = {isa = PBXBuildFile; fileRef = 1F19B4CA2ACB3B1E00D46FC1 /* Photo.swift */; };
		1F19B4CD2ACBE46F00D46FC1 /* FlickrPhotoService.swift in Sources */ = {isa = PBXBuildFile; fileRef = 1F19B4CC2ACBE46F00D46FC1 /* FlickrPhotoService.swift */; };
		1F19B4D02ACC077500D46FC1 /* OAuthSwift in Frameworks */ = {isa = PBXBuildFile; productRef = 1F19B4CF2ACC077500D46FC1 /* OAuthSwift */; };
		1F19B4D22ACC68D400D46FC1 /* FlickrAuthService.swift in Sources */ = {isa = PBXBuildFile; fileRef = 1F19B4D12ACC68D400D46FC1 /* FlickrAuthService.swift */; };
		1F19B4D42ACC8D2300D46FC1 /* AuthenticationState.swift in Sources */ = {isa = PBXBuildFile; fileRef = 1F19B4D32ACC8D2300D46FC1 /* AuthenticationState.swift */; };
		1F19B4D62ACC994000D46FC1 /* FlickrAuthViewModel.swift in Sources */ = {isa = PBXBuildFile; fileRef = 1F19B4D52ACC994000D46FC1 /* FlickrAuthViewModel.swift */; };
		1F19B4D82ACC99F800D46FC1 /* SafariView.swift in Sources */ = {isa = PBXBuildFile; fileRef = 1F19B4D72ACC99F800D46FC1 /* SafariView.swift */; };
		1F208E202AD19DA00097B56A /* Prephirences in Frameworks */ = {isa = PBXBuildFile; productRef = 1F208E1F2AD19DA00097B56A /* Prephirences */; };
		1F47DFFE2AD1DF5C001318B8 /* MapView.swift in Sources */ = {isa = PBXBuildFile; fileRef = 1F47DFFD2AD1DF5C001318B8 /* MapView.swift */; };
		1F47E0002AD1DF80001318B8 /* SettingsView.swift in Sources */ = {isa = PBXBuildFile; fileRef = 1F47DFFF2AD1DF80001318B8 /* SettingsView.swift */; };
		1F47E0022AD1E3E5001318B8 /* MapViewModel.swift in Sources */ = {isa = PBXBuildFile; fileRef = 1F47E0012AD1E3E5001318B8 /* MapViewModel.swift */; };
		1F9102332AD400E700FD0340 /* Fakes.swift in Sources */ = {isa = PBXBuildFile; fileRef = 1F9102322AD400E700FD0340 /* Fakes.swift */; };
		1F9102352AD4028A00FD0340 /* FlickrPhotoServiceTests.swift in Sources */ = {isa = PBXBuildFile; fileRef = 1F9102342AD4028A00FD0340 /* FlickrPhotoServiceTests.swift */; };
		1F9FE7DA2AD20C8E009E4580 /* PhotosView.swift in Sources */ = {isa = PBXBuildFile; fileRef = 1F9FE7D92AD20C8E009E4580 /* PhotosView.swift */; };
		1F9FE7DC2AD20D3E009E4580 /* PhotosViewModel.swift in Sources */ = {isa = PBXBuildFile; fileRef = 1F9FE7DB2AD20D3E009E4580 /* PhotosViewModel.swift */; };
		1F9FE7DE2AD21226009E4580 /* Location.swift in Sources */ = {isa = PBXBuildFile; fileRef = 1F9FE7DD2AD21226009E4580 /* Location.swift */; };
		1F9FE7E02AD21290009E4580 /* LocationService.swift in Sources */ = {isa = PBXBuildFile; fileRef = 1F9FE7DF2AD21290009E4580 /* LocationService.swift */; };
		1F9FE7E52AD2938E009E4580 /* Extensions.swift in Sources */ = {isa = PBXBuildFile; fileRef = 1F9FE7E42AD2938E009E4580 /* Extensions.swift */; };
		1F9FE7E72AD2CD9A009E4580 /* FlickrSettings.swift in Sources */ = {isa = PBXBuildFile; fileRef = 1F9FE7E62AD2CD9A009E4580 /* FlickrSettings.swift */; };
/* End PBXBuildFile section */

/* Begin PBXContainerItemProxy section */
		1F19B4A52ACB281200D46FC1 /* PBXContainerItemProxy */ = {
			isa = PBXContainerItemProxy;
			containerPortal = 1F19B48C2ACB281000D46FC1 /* Project object */;
			proxyType = 1;
			remoteGlobalIDString = 1F19B4932ACB281000D46FC1;
			remoteInfo = PhotoExplorer;
		};
		1F19B4AF2ACB281200D46FC1 /* PBXContainerItemProxy */ = {
			isa = PBXContainerItemProxy;
			containerPortal = 1F19B48C2ACB281000D46FC1 /* Project object */;
			proxyType = 1;
			remoteGlobalIDString = 1F19B4932ACB281000D46FC1;
			remoteInfo = PhotoExplorer;
		};
/* End PBXContainerItemProxy section */

/* Begin PBXFileReference section */
		1F19B4942ACB281000D46FC1 /* PhotoExplorer.app */ = {isa = PBXFileReference; explicitFileType = wrapper.application; includeInIndex = 0; path = PhotoExplorer.app; sourceTree = BUILT_PRODUCTS_DIR; };
		1F19B4972ACB281000D46FC1 /* PhotoExplorerApp.swift */ = {isa = PBXFileReference; lastKnownFileType = sourcecode.swift; path = PhotoExplorerApp.swift; sourceTree = "<group>"; };
		1F19B4992ACB281000D46FC1 /* ContentView.swift */ = {isa = PBXFileReference; lastKnownFileType = sourcecode.swift; path = ContentView.swift; sourceTree = "<group>"; };
		1F19B49B2ACB281200D46FC1 /* Assets.xcassets */ = {isa = PBXFileReference; lastKnownFileType = folder.assetcatalog; path = Assets.xcassets; sourceTree = "<group>"; };
		1F19B49E2ACB281200D46FC1 /* Preview Assets.xcassets */ = {isa = PBXFileReference; lastKnownFileType = folder.assetcatalog; path = "Preview Assets.xcassets"; sourceTree = "<group>"; };
		1F19B4A42ACB281200D46FC1 /* PhotoExplorerTests.xctest */ = {isa = PBXFileReference; explicitFileType = wrapper.cfbundle; includeInIndex = 0; path = PhotoExplorerTests.xctest; sourceTree = BUILT_PRODUCTS_DIR; };
		1F19B4A82ACB281200D46FC1 /* PhotoExplorerTests.swift */ = {isa = PBXFileReference; lastKnownFileType = sourcecode.swift; path = PhotoExplorerTests.swift; sourceTree = "<group>"; };
		1F19B4AE2ACB281200D46FC1 /* PhotoExplorerUITests.xctest */ = {isa = PBXFileReference; explicitFileType = wrapper.cfbundle; includeInIndex = 0; path = PhotoExplorerUITests.xctest; sourceTree = BUILT_PRODUCTS_DIR; };
		1F19B4B22ACB281200D46FC1 /* PhotoExplorerUITests.swift */ = {isa = PBXFileReference; lastKnownFileType = sourcecode.swift; path = PhotoExplorerUITests.swift; sourceTree = "<group>"; };
		1F19B4B42ACB281200D46FC1 /* PhotoExplorerUITestsLaunchTests.swift */ = {isa = PBXFileReference; lastKnownFileType = sourcecode.swift; path = PhotoExplorerUITestsLaunchTests.swift; sourceTree = "<group>"; };
		1F19B4C12ACB293A00D46FC1 /* Constants.swift */ = {isa = PBXFileReference; lastKnownFileType = sourcecode.swift; path = Constants.swift; sourceTree = "<group>"; };
		1F19B4C42ACB373200D46FC1 /* FlickrAPI.swift */ = {isa = PBXFileReference; lastKnownFileType = sourcecode.swift; path = FlickrAPI.swift; sourceTree = "<group>"; };
		1F19B4C62ACB37A000D46FC1 /* Endpoint.swift */ = {isa = PBXFileReference; lastKnownFileType = sourcecode.swift; path = Endpoint.swift; sourceTree = "<group>"; };
		1F19B4C82ACB3AAF00D46FC1 /* FlickrPhotosResponse.swift */ = {isa = PBXFileReference; lastKnownFileType = sourcecode.swift; path = FlickrPhotosResponse.swift; sourceTree = "<group>"; };
		1F19B4CA2ACB3B1E00D46FC1 /* Photo.swift */ = {isa = PBXFileReference; lastKnownFileType = sourcecode.swift; path = Photo.swift; sourceTree = "<group>"; };
		1F19B4CC2ACBE46F00D46FC1 /* FlickrPhotoService.swift */ = {isa = PBXFileReference; lastKnownFileType = sourcecode.swift; path = FlickrPhotoService.swift; sourceTree = "<group>"; };
		1F19B4D12ACC68D400D46FC1 /* FlickrAuthService.swift */ = {isa = PBXFileReference; lastKnownFileType = sourcecode.swift; path = FlickrAuthService.swift; sourceTree = "<group>"; };
		1F19B4D32ACC8D2300D46FC1 /* AuthenticationState.swift */ = {isa = PBXFileReference; lastKnownFileType = sourcecode.swift; path = AuthenticationState.swift; sourceTree = "<group>"; };
		1F19B4D52ACC994000D46FC1 /* FlickrAuthViewModel.swift */ = {isa = PBXFileReference; lastKnownFileType = sourcecode.swift; path = FlickrAuthViewModel.swift; sourceTree = "<group>"; };
		1F19B4D72ACC99F800D46FC1 /* SafariView.swift */ = {isa = PBXFileReference; lastKnownFileType = sourcecode.swift; path = SafariView.swift; sourceTree = "<group>"; };
		1F47DFFD2AD1DF5C001318B8 /* MapView.swift */ = {isa = PBXFileReference; lastKnownFileType = sourcecode.swift; path = MapView.swift; sourceTree = "<group>"; };
		1F47DFFF2AD1DF80001318B8 /* SettingsView.swift */ = {isa = PBXFileReference; lastKnownFileType = sourcecode.swift; path = SettingsView.swift; sourceTree = "<group>"; };
		1F47E0012AD1E3E5001318B8 /* MapViewModel.swift */ = {isa = PBXFileReference; lastKnownFileType = sourcecode.swift; path = MapViewModel.swift; sourceTree = "<group>"; };
		1F8877BE2ACDF8AF0058B962 /* Info.plist */ = {isa = PBXFileReference; lastKnownFileType = text.plist; path = Info.plist; sourceTree = "<group>"; };
		1F9102322AD400E700FD0340 /* Fakes.swift */ = {isa = PBXFileReference; lastKnownFileType = sourcecode.swift; path = Fakes.swift; sourceTree = "<group>"; };
		1F9102342AD4028A00FD0340 /* FlickrPhotoServiceTests.swift */ = {isa = PBXFileReference; lastKnownFileType = sourcecode.swift; path = FlickrPhotoServiceTests.swift; sourceTree = "<group>"; };
		1F9FE7D92AD20C8E009E4580 /* PhotosView.swift */ = {isa = PBXFileReference; lastKnownFileType = sourcecode.swift; path = PhotosView.swift; sourceTree = "<group>"; };
		1F9FE7DB2AD20D3E009E4580 /* PhotosViewModel.swift */ = {isa = PBXFileReference; lastKnownFileType = sourcecode.swift; path = PhotosViewModel.swift; sourceTree = "<group>"; };
		1F9FE7DD2AD21226009E4580 /* Location.swift */ = {isa = PBXFileReference; lastKnownFileType = sourcecode.swift; path = Location.swift; sourceTree = "<group>"; };
		1F9FE7DF2AD21290009E4580 /* LocationService.swift */ = {isa = PBXFileReference; lastKnownFileType = sourcecode.swift; path = LocationService.swift; sourceTree = "<group>"; };
		1F9FE7E42AD2938E009E4580 /* Extensions.swift */ = {isa = PBXFileReference; lastKnownFileType = sourcecode.swift; path = Extensions.swift; sourceTree = "<group>"; };
		1F9FE7E62AD2CD9A009E4580 /* FlickrSettings.swift */ = {isa = PBXFileReference; lastKnownFileType = sourcecode.swift; path = FlickrSettings.swift; sourceTree = "<group>"; };
/* End PBXFileReference section */

/* Begin PBXFrameworksBuildPhase section */
		1F19B4912ACB281000D46FC1 /* Frameworks */ = {
			isa = PBXFrameworksBuildPhase;
			buildActionMask = 2147483647;
			files = (
				1F208E202AD19DA00097B56A /* Prephirences in Frameworks */,
				1F19B4D02ACC077500D46FC1 /* OAuthSwift in Frameworks */,
			);
			runOnlyForDeploymentPostprocessing = 0;
		};
		1F19B4A12ACB281200D46FC1 /* Frameworks */ = {
			isa = PBXFrameworksBuildPhase;
			buildActionMask = 2147483647;
			files = (
			);
			runOnlyForDeploymentPostprocessing = 0;
		};
		1F19B4AB2ACB281200D46FC1 /* Frameworks */ = {
			isa = PBXFrameworksBuildPhase;
			buildActionMask = 2147483647;
			files = (
			);
			runOnlyForDeploymentPostprocessing = 0;
		};
/* End PBXFrameworksBuildPhase section */

/* Begin PBXGroup section */
		1F19B48B2ACB281000D46FC1 = {
			isa = PBXGroup;
			children = (
				1F19B4962ACB281000D46FC1 /* PhotoExplorer */,
				1F19B4A72ACB281200D46FC1 /* PhotoExplorerTests */,
				1F19B4B12ACB281200D46FC1 /* PhotoExplorerUITests */,
				1F19B4952ACB281000D46FC1 /* Products */,
			);
			sourceTree = "<group>";
		};
		1F19B4952ACB281000D46FC1 /* Products */ = {
			isa = PBXGroup;
			children = (
				1F19B4942ACB281000D46FC1 /* PhotoExplorer.app */,
				1F19B4A42ACB281200D46FC1 /* PhotoExplorerTests.xctest */,
				1F19B4AE2ACB281200D46FC1 /* PhotoExplorerUITests.xctest */,
			);
			name = Products;
			sourceTree = "<group>";
		};
		1F19B4962ACB281000D46FC1 /* PhotoExplorer */ = {
			isa = PBXGroup;
			children = (
				1F8877BE2ACDF8AF0058B962 /* Info.plist */,
				1F19B4972ACB281000D46FC1 /* PhotoExplorerApp.swift */,
				1F9FE7E32AD21308009E4580 /* Utilities */,
				1F19B4C32ACB372200D46FC1 /* Models */,
				1F47DFFC2AD1DF4C001318B8 /* Views */,
				1F19B4D72ACC99F800D46FC1 /* SafariView.swift */,
				1F19B49B2ACB281200D46FC1 /* Assets.xcassets */,
				1F19B49D2ACB281200D46FC1 /* Preview Content */,
				1F9FE7E12AD212A1009E4580 /* Services */,
				1F9FE7E22AD212D7009E4580 /* ViewModels */,
			);
			path = PhotoExplorer;
			sourceTree = "<group>";
		};
		1F19B49D2ACB281200D46FC1 /* Preview Content */ = {
			isa = PBXGroup;
			children = (
				1F19B49E2ACB281200D46FC1 /* Preview Assets.xcassets */,
			);
			path = "Preview Content";
			sourceTree = "<group>";
		};
		1F19B4A72ACB281200D46FC1 /* PhotoExplorerTests */ = {
			isa = PBXGroup;
			children = (
				1F19B4A82ACB281200D46FC1 /* PhotoExplorerTests.swift */,
				1F9102322AD400E700FD0340 /* Fakes.swift */,
				1F9102342AD4028A00FD0340 /* FlickrPhotoServiceTests.swift */,
			);
			path = PhotoExplorerTests;
			sourceTree = "<group>";
		};
		1F19B4B12ACB281200D46FC1 /* PhotoExplorerUITests */ = {
			isa = PBXGroup;
			children = (
				1F19B4B22ACB281200D46FC1 /* PhotoExplorerUITests.swift */,
				1F19B4B42ACB281200D46FC1 /* PhotoExplorerUITestsLaunchTests.swift */,
			);
			path = PhotoExplorerUITests;
			sourceTree = "<group>";
		};
		1F19B4C32ACB372200D46FC1 /* Models */ = {
			isa = PBXGroup;
			children = (
				1F19B4C42ACB373200D46FC1 /* FlickrAPI.swift */,
				1F19B4D32ACC8D2300D46FC1 /* AuthenticationState.swift */,
				1F19B4C62ACB37A000D46FC1 /* Endpoint.swift */,
				1F19B4C82ACB3AAF00D46FC1 /* FlickrPhotosResponse.swift */,
				1F19B4CA2ACB3B1E00D46FC1 /* Photo.swift */,
				1F9FE7DD2AD21226009E4580 /* Location.swift */,
				1F9FE7E62AD2CD9A009E4580 /* FlickrSettings.swift */,
			);
			path = Models;
			sourceTree = "<group>";
		};
		1F47DFFC2AD1DF4C001318B8 /* Views */ = {
			isa = PBXGroup;
			children = (
				1F19B4992ACB281000D46FC1 /* ContentView.swift */,
				1F47DFFD2AD1DF5C001318B8 /* MapView.swift */,
				1F9FE7D92AD20C8E009E4580 /* PhotosView.swift */,
				1F47DFFF2AD1DF80001318B8 /* SettingsView.swift */,
			);
			path = Views;
			sourceTree = "<group>";
		};
		1F9FE7E12AD212A1009E4580 /* Services */ = {
			isa = PBXGroup;
			children = (
				1F19B4CC2ACBE46F00D46FC1 /* FlickrPhotoService.swift */,
				1F19B4D12ACC68D400D46FC1 /* FlickrAuthService.swift */,
				1F9FE7DF2AD21290009E4580 /* LocationService.swift */,
			);
			path = Services;
			sourceTree = "<group>";
		};
		1F9FE7E22AD212D7009E4580 /* ViewModels */ = {
			isa = PBXGroup;
			children = (
				1F19B4D52ACC994000D46FC1 /* FlickrAuthViewModel.swift */,
				1F47E0012AD1E3E5001318B8 /* MapViewModel.swift */,
				1F9FE7DB2AD20D3E009E4580 /* PhotosViewModel.swift */,
			);
			path = ViewModels;
			sourceTree = "<group>";
		};
		1F9FE7E32AD21308009E4580 /* Utilities */ = {
			isa = PBXGroup;
			children = (
				1F19B4C12ACB293A00D46FC1 /* Constants.swift */,
				1F9FE7E42AD2938E009E4580 /* Extensions.swift */,
			);
			path = Utilities;
			sourceTree = "<group>";
		};
/* End PBXGroup section */

/* Begin PBXNativeTarget section */
		1F19B4932ACB281000D46FC1 /* PhotoExplorer */ = {
			isa = PBXNativeTarget;
			buildConfigurationList = 1F19B4B82ACB281200D46FC1 /* Build configuration list for PBXNativeTarget "PhotoExplorer" */;
			buildPhases = (
				1F19B4902ACB281000D46FC1 /* Sources */,
				1F19B4912ACB281000D46FC1 /* Frameworks */,
				1F19B4922ACB281000D46FC1 /* Resources */,
			);
			buildRules = (
			);
			dependencies = (
			);
			name = PhotoExplorer;
			packageProductDependencies = (
				1F19B4CF2ACC077500D46FC1 /* OAuthSwift */,
				1F208E1F2AD19DA00097B56A /* Prephirences */,
			);
			productName = PhotoExplorer;
			productReference = 1F19B4942ACB281000D46FC1 /* PhotoExplorer.app */;
			productType = "com.apple.product-type.application";
		};
		1F19B4A32ACB281200D46FC1 /* PhotoExplorerTests */ = {
			isa = PBXNativeTarget;
			buildConfigurationList = 1F19B4BB2ACB281200D46FC1 /* Build configuration list for PBXNativeTarget "PhotoExplorerTests" */;
			buildPhases = (
				1F19B4A02ACB281200D46FC1 /* Sources */,
				1F19B4A12ACB281200D46FC1 /* Frameworks */,
				1F19B4A22ACB281200D46FC1 /* Resources */,
			);
			buildRules = (
			);
			dependencies = (
				1F19B4A62ACB281200D46FC1 /* PBXTargetDependency */,
			);
			name = PhotoExplorerTests;
			productName = PhotoExplorerTests;
			productReference = 1F19B4A42ACB281200D46FC1 /* PhotoExplorerTests.xctest */;
			productType = "com.apple.product-type.bundle.unit-test";
		};
		1F19B4AD2ACB281200D46FC1 /* PhotoExplorerUITests */ = {
			isa = PBXNativeTarget;
			buildConfigurationList = 1F19B4BE2ACB281200D46FC1 /* Build configuration list for PBXNativeTarget "PhotoExplorerUITests" */;
			buildPhases = (
				1F19B4AA2ACB281200D46FC1 /* Sources */,
				1F19B4AB2ACB281200D46FC1 /* Frameworks */,
				1F19B4AC2ACB281200D46FC1 /* Resources */,
			);
			buildRules = (
			);
			dependencies = (
				1F19B4B02ACB281200D46FC1 /* PBXTargetDependency */,
			);
			name = PhotoExplorerUITests;
			productName = PhotoExplorerUITests;
			productReference = 1F19B4AE2ACB281200D46FC1 /* PhotoExplorerUITests.xctest */;
			productType = "com.apple.product-type.bundle.ui-testing";
		};
/* End PBXNativeTarget section */

/* Begin PBXProject section */
		1F19B48C2ACB281000D46FC1 /* Project object */ = {
			isa = PBXProject;
			attributes = {
				BuildIndependentTargetsInParallel = 1;
				LastSwiftUpdateCheck = 1500;
				LastUpgradeCheck = 1500;
				TargetAttributes = {
					1F19B4932ACB281000D46FC1 = {
						CreatedOnToolsVersion = 15.0;
					};
					1F19B4A32ACB281200D46FC1 = {
						CreatedOnToolsVersion = 15.0;
						TestTargetID = 1F19B4932ACB281000D46FC1;
					};
					1F19B4AD2ACB281200D46FC1 = {
						CreatedOnToolsVersion = 15.0;
						TestTargetID = 1F19B4932ACB281000D46FC1;
					};
				};
			};
			buildConfigurationList = 1F19B48F2ACB281000D46FC1 /* Build configuration list for PBXProject "PhotoExplorer" */;
			compatibilityVersion = "Xcode 14.0";
			developmentRegion = en;
			hasScannedForEncodings = 0;
			knownRegions = (
				en,
				Base,
			);
			mainGroup = 1F19B48B2ACB281000D46FC1;
			packageReferences = (
				1F19B4CE2ACC077500D46FC1 /* XCRemoteSwiftPackageReference "OAuthSwift" */,
				1F208E1E2AD19DA00097B56A /* XCRemoteSwiftPackageReference "Prephirences" */,
			);
			productRefGroup = 1F19B4952ACB281000D46FC1 /* Products */;
			projectDirPath = "";
			projectRoot = "";
			targets = (
				1F19B4932ACB281000D46FC1 /* PhotoExplorer */,
				1F19B4A32ACB281200D46FC1 /* PhotoExplorerTests */,
				1F19B4AD2ACB281200D46FC1 /* PhotoExplorerUITests */,
			);
		};
/* End PBXProject section */

/* Begin PBXResourcesBuildPhase section */
		1F19B4922ACB281000D46FC1 /* Resources */ = {
			isa = PBXResourcesBuildPhase;
			buildActionMask = 2147483647;
			files = (
				1F19B49F2ACB281200D46FC1 /* Preview Assets.xcassets in Resources */,
				1F19B49C2ACB281200D46FC1 /* Assets.xcassets in Resources */,
			);
			runOnlyForDeploymentPostprocessing = 0;
		};
		1F19B4A22ACB281200D46FC1 /* Resources */ = {
			isa = PBXResourcesBuildPhase;
			buildActionMask = 2147483647;
			files = (
			);
			runOnlyForDeploymentPostprocessing = 0;
		};
		1F19B4AC2ACB281200D46FC1 /* Resources */ = {
			isa = PBXResourcesBuildPhase;
			buildActionMask = 2147483647;
			files = (
			);
			runOnlyForDeploymentPostprocessing = 0;
		};
/* End PBXResourcesBuildPhase section */

/* Begin PBXSourcesBuildPhase section */
		1F19B4902ACB281000D46FC1 /* Sources */ = {
			isa = PBXSourcesBuildPhase;
			buildActionMask = 2147483647;
			files = (
				1F19B4CB2ACB3B1E00D46FC1 /* Photo.swift in Sources */,
				1F47DFFE2AD1DF5C001318B8 /* MapView.swift in Sources */,
				1F19B4C92ACB3AAF00D46FC1 /* FlickrPhotosResponse.swift in Sources */,
				1F9FE7DA2AD20C8E009E4580 /* PhotosView.swift in Sources */,
				1F9FE7E72AD2CD9A009E4580 /* FlickrSettings.swift in Sources */,
				1F9FE7DE2AD21226009E4580 /* Location.swift in Sources */,
				1F19B4D62ACC994000D46FC1 /* FlickrAuthViewModel.swift in Sources */,
				1F9FE7E02AD21290009E4580 /* LocationService.swift in Sources */,
				1F19B49A2ACB281000D46FC1 /* ContentView.swift in Sources */,
				1F47E0022AD1E3E5001318B8 /* MapViewModel.swift in Sources */,
				1F9FE7DC2AD20D3E009E4580 /* PhotosViewModel.swift in Sources */,
				1F19B4D82ACC99F800D46FC1 /* SafariView.swift in Sources */,
				1F19B4C52ACB373200D46FC1 /* FlickrAPI.swift in Sources */,
				1F47E0002AD1DF80001318B8 /* SettingsView.swift in Sources */,
				1F19B4D22ACC68D400D46FC1 /* FlickrAuthService.swift in Sources */,
				1F19B4CD2ACBE46F00D46FC1 /* FlickrPhotoService.swift in Sources */,
				1F9FE7E52AD2938E009E4580 /* Extensions.swift in Sources */,
				1F19B4982ACB281000D46FC1 /* PhotoExplorerApp.swift in Sources */,
				1F19B4C22ACB293A00D46FC1 /* Constants.swift in Sources */,
				1F19B4C72ACB37A000D46FC1 /* Endpoint.swift in Sources */,
				1F19B4D42ACC8D2300D46FC1 /* AuthenticationState.swift in Sources */,
			);
			runOnlyForDeploymentPostprocessing = 0;
		};
		1F19B4A02ACB281200D46FC1 /* Sources */ = {
			isa = PBXSourcesBuildPhase;
			buildActionMask = 2147483647;
			files = (
				1F9102332AD400E700FD0340 /* Fakes.swift in Sources */,
				1F9102352AD4028A00FD0340 /* FlickrPhotoServiceTests.swift in Sources */,
				1F19B4A92ACB281200D46FC1 /* PhotoExplorerTests.swift in Sources */,
			);
			runOnlyForDeploymentPostprocessing = 0;
		};
		1F19B4AA2ACB281200D46FC1 /* Sources */ = {
			isa = PBXSourcesBuildPhase;
			buildActionMask = 2147483647;
			files = (
				1F19B4B52ACB281200D46FC1 /* PhotoExplorerUITestsLaunchTests.swift in Sources */,
				1F19B4B32ACB281200D46FC1 /* PhotoExplorerUITests.swift in Sources */,
			);
			runOnlyForDeploymentPostprocessing = 0;
		};
/* End PBXSourcesBuildPhase section */

/* Begin PBXTargetDependency section */
		1F19B4A62ACB281200D46FC1 /* PBXTargetDependency */ = {
			isa = PBXTargetDependency;
			target = 1F19B4932ACB281000D46FC1 /* PhotoExplorer */;
			targetProxy = 1F19B4A52ACB281200D46FC1 /* PBXContainerItemProxy */;
		};
		1F19B4B02ACB281200D46FC1 /* PBXTargetDependency */ = {
			isa = PBXTargetDependency;
			target = 1F19B4932ACB281000D46FC1 /* PhotoExplorer */;
			targetProxy = 1F19B4AF2ACB281200D46FC1 /* PBXContainerItemProxy */;
		};
/* End PBXTargetDependency section */

/* Begin XCBuildConfiguration section */
		1F19B4B62ACB281200D46FC1 /* Debug */ = {
			isa = XCBuildConfiguration;
			buildSettings = {
				ALWAYS_SEARCH_USER_PATHS = NO;
				ASSETCATALOG_COMPILER_GENERATE_SWIFT_ASSET_SYMBOL_EXTENSIONS = YES;
				CLANG_ANALYZER_NONNULL = YES;
				CLANG_ANALYZER_NUMBER_OBJECT_CONVERSION = YES_AGGRESSIVE;
				CLANG_CXX_LANGUAGE_STANDARD = "gnu++20";
				CLANG_ENABLE_MODULES = YES;
				CLANG_ENABLE_OBJC_ARC = YES;
				CLANG_ENABLE_OBJC_WEAK = YES;
				CLANG_WARN_BLOCK_CAPTURE_AUTORELEASING = YES;
				CLANG_WARN_BOOL_CONVERSION = YES;
				CLANG_WARN_COMMA = YES;
				CLANG_WARN_CONSTANT_CONVERSION = YES;
				CLANG_WARN_DEPRECATED_OBJC_IMPLEMENTATIONS = YES;
				CLANG_WARN_DIRECT_OBJC_ISA_USAGE = YES_ERROR;
				CLANG_WARN_DOCUMENTATION_COMMENTS = YES;
				CLANG_WARN_EMPTY_BODY = YES;
				CLANG_WARN_ENUM_CONVERSION = YES;
				CLANG_WARN_INFINITE_RECURSION = YES;
				CLANG_WARN_INT_CONVERSION = YES;
				CLANG_WARN_NON_LITERAL_NULL_CONVERSION = YES;
				CLANG_WARN_OBJC_IMPLICIT_RETAIN_SELF = YES;
				CLANG_WARN_OBJC_LITERAL_CONVERSION = YES;
				CLANG_WARN_OBJC_ROOT_CLASS = YES_ERROR;
				CLANG_WARN_QUOTED_INCLUDE_IN_FRAMEWORK_HEADER = YES;
				CLANG_WARN_RANGE_LOOP_ANALYSIS = YES;
				CLANG_WARN_STRICT_PROTOTYPES = YES;
				CLANG_WARN_SUSPICIOUS_MOVE = YES;
				CLANG_WARN_UNGUARDED_AVAILABILITY = YES_AGGRESSIVE;
				CLANG_WARN_UNREACHABLE_CODE = YES;
				CLANG_WARN__DUPLICATE_METHOD_MATCH = YES;
				COPY_PHASE_STRIP = NO;
				DEBUG_INFORMATION_FORMAT = dwarf;
				ENABLE_STRICT_OBJC_MSGSEND = YES;
				ENABLE_TESTABILITY = YES;
				ENABLE_USER_SCRIPT_SANDBOXING = YES;
				GCC_C_LANGUAGE_STANDARD = gnu17;
				GCC_DYNAMIC_NO_PIC = NO;
				GCC_NO_COMMON_BLOCKS = YES;
				GCC_OPTIMIZATION_LEVEL = 0;
				GCC_PREPROCESSOR_DEFINITIONS = (
					"DEBUG=1",
					"$(inherited)",
				);
				GCC_WARN_64_TO_32_BIT_CONVERSION = YES;
				GCC_WARN_ABOUT_RETURN_TYPE = YES_ERROR;
				GCC_WARN_UNDECLARED_SELECTOR = YES;
				GCC_WARN_UNINITIALIZED_AUTOS = YES_AGGRESSIVE;
				GCC_WARN_UNUSED_FUNCTION = YES;
				GCC_WARN_UNUSED_VARIABLE = YES;
				IPHONEOS_DEPLOYMENT_TARGET = 17.0;
				LOCALIZATION_PREFERS_STRING_CATALOGS = YES;
				MTL_ENABLE_DEBUG_INFO = INCLUDE_SOURCE;
				MTL_FAST_MATH = YES;
				ONLY_ACTIVE_ARCH = YES;
				SDKROOT = iphoneos;
				SWIFT_ACTIVE_COMPILATION_CONDITIONS = "DEBUG $(inherited)";
				SWIFT_OPTIMIZATION_LEVEL = "-Onone";
			};
			name = Debug;
		};
		1F19B4B72ACB281200D46FC1 /* Release */ = {
			isa = XCBuildConfiguration;
			buildSettings = {
				ALWAYS_SEARCH_USER_PATHS = NO;
				ASSETCATALOG_COMPILER_GENERATE_SWIFT_ASSET_SYMBOL_EXTENSIONS = YES;
				CLANG_ANALYZER_NONNULL = YES;
				CLANG_ANALYZER_NUMBER_OBJECT_CONVERSION = YES_AGGRESSIVE;
				CLANG_CXX_LANGUAGE_STANDARD = "gnu++20";
				CLANG_ENABLE_MODULES = YES;
				CLANG_ENABLE_OBJC_ARC = YES;
				CLANG_ENABLE_OBJC_WEAK = YES;
				CLANG_WARN_BLOCK_CAPTURE_AUTORELEASING = YES;
				CLANG_WARN_BOOL_CONVERSION = YES;
				CLANG_WARN_COMMA = YES;
				CLANG_WARN_CONSTANT_CONVERSION = YES;
				CLANG_WARN_DEPRECATED_OBJC_IMPLEMENTATIONS = YES;
				CLANG_WARN_DIRECT_OBJC_ISA_USAGE = YES_ERROR;
				CLANG_WARN_DOCUMENTATION_COMMENTS = YES;
				CLANG_WARN_EMPTY_BODY = YES;
				CLANG_WARN_ENUM_CONVERSION = YES;
				CLANG_WARN_INFINITE_RECURSION = YES;
				CLANG_WARN_INT_CONVERSION = YES;
				CLANG_WARN_NON_LITERAL_NULL_CONVERSION = YES;
				CLANG_WARN_OBJC_IMPLICIT_RETAIN_SELF = YES;
				CLANG_WARN_OBJC_LITERAL_CONVERSION = YES;
				CLANG_WARN_OBJC_ROOT_CLASS = YES_ERROR;
				CLANG_WARN_QUOTED_INCLUDE_IN_FRAMEWORK_HEADER = YES;
				CLANG_WARN_RANGE_LOOP_ANALYSIS = YES;
				CLANG_WARN_STRICT_PROTOTYPES = YES;
				CLANG_WARN_SUSPICIOUS_MOVE = YES;
				CLANG_WARN_UNGUARDED_AVAILABILITY = YES_AGGRESSIVE;
				CLANG_WARN_UNREACHABLE_CODE = YES;
				CLANG_WARN__DUPLICATE_METHOD_MATCH = YES;
				COPY_PHASE_STRIP = NO;
				DEBUG_INFORMATION_FORMAT = "dwarf-with-dsym";
				ENABLE_NS_ASSERTIONS = NO;
				ENABLE_STRICT_OBJC_MSGSEND = YES;
				ENABLE_USER_SCRIPT_SANDBOXING = YES;
				GCC_C_LANGUAGE_STANDARD = gnu17;
				GCC_NO_COMMON_BLOCKS = YES;
				GCC_WARN_64_TO_32_BIT_CONVERSION = YES;
				GCC_WARN_ABOUT_RETURN_TYPE = YES_ERROR;
				GCC_WARN_UNDECLARED_SELECTOR = YES;
				GCC_WARN_UNINITIALIZED_AUTOS = YES_AGGRESSIVE;
				GCC_WARN_UNUSED_FUNCTION = YES;
				GCC_WARN_UNUSED_VARIABLE = YES;
				IPHONEOS_DEPLOYMENT_TARGET = 17.0;
				LOCALIZATION_PREFERS_STRING_CATALOGS = YES;
				MTL_ENABLE_DEBUG_INFO = NO;
				MTL_FAST_MATH = YES;
				SDKROOT = iphoneos;
				SWIFT_COMPILATION_MODE = wholemodule;
				VALIDATE_PRODUCT = YES;
			};
			name = Release;
		};
		1F19B4B92ACB281200D46FC1 /* Debug */ = {
			isa = XCBuildConfiguration;
			buildSettings = {
				ASSETCATALOG_COMPILER_APPICON_NAME = AppIcon;
				ASSETCATALOG_COMPILER_GLOBAL_ACCENT_COLOR_NAME = AccentColor;
				CODE_SIGN_STYLE = Automatic;
				CURRENT_PROJECT_VERSION = 1;
				DEVELOPMENT_ASSET_PATHS = "\"PhotoExplorer/Preview Content\"";
				DEVELOPMENT_TEAM = P3K32DW2KW;
				ENABLE_PREVIEWS = YES;
				GENERATE_INFOPLIST_FILE = YES;
				INFOPLIST_FILE = PhotoExplorer/Info.plist;
				INFOPLIST_KEY_UIApplicationSceneManifest_Generation = YES;
				INFOPLIST_KEY_UIApplicationSupportsIndirectInputEvents = YES;
				INFOPLIST_KEY_UILaunchScreen_Generation = YES;
				INFOPLIST_KEY_UISupportedInterfaceOrientations_iPad = "UIInterfaceOrientationPortrait UIInterfaceOrientationPortraitUpsideDown UIInterfaceOrientationLandscapeLeft UIInterfaceOrientationLandscapeRight";
				INFOPLIST_KEY_UISupportedInterfaceOrientations_iPhone = "UIInterfaceOrientationPortrait UIInterfaceOrientationLandscapeLeft UIInterfaceOrientationLandscapeRight";
				IPHONEOS_DEPLOYMENT_TARGET = 16.0;
				LD_RUNPATH_SEARCH_PATHS = (
					"$(inherited)",
					"@executable_path/Frameworks",
				);
				MARKETING_VERSION = 1.0;
				PRODUCT_BUNDLE_IDENTIFIER = cz.marcel.PhotoExplorer;
				PRODUCT_NAME = "$(TARGET_NAME)";
				SWIFT_EMIT_LOC_STRINGS = YES;
				SWIFT_VERSION = 5.0;
				TARGETED_DEVICE_FAMILY = "1,2";
			};
			name = Debug;
		};
		1F19B4BA2ACB281200D46FC1 /* Release */ = {
			isa = XCBuildConfiguration;
			buildSettings = {
				ASSETCATALOG_COMPILER_APPICON_NAME = AppIcon;
				ASSETCATALOG_COMPILER_GLOBAL_ACCENT_COLOR_NAME = AccentColor;
				CODE_SIGN_STYLE = Automatic;
				CURRENT_PROJECT_VERSION = 1;
				DEVELOPMENT_ASSET_PATHS = "\"PhotoExplorer/Preview Content\"";
				DEVELOPMENT_TEAM = P3K32DW2KW;
				ENABLE_PREVIEWS = YES;
				GENERATE_INFOPLIST_FILE = YES;
				INFOPLIST_FILE = PhotoExplorer/Info.plist;
				INFOPLIST_KEY_UIApplicationSceneManifest_Generation = YES;
				INFOPLIST_KEY_UIApplicationSupportsIndirectInputEvents = YES;
				INFOPLIST_KEY_UILaunchScreen_Generation = YES;
				INFOPLIST_KEY_UISupportedInterfaceOrientations_iPad = "UIInterfaceOrientationPortrait UIInterfaceOrientationPortraitUpsideDown UIInterfaceOrientationLandscapeLeft UIInterfaceOrientationLandscapeRight";
				INFOPLIST_KEY_UISupportedInterfaceOrientations_iPhone = "UIInterfaceOrientationPortrait UIInterfaceOrientationLandscapeLeft UIInterfaceOrientationLandscapeRight";
				IPHONEOS_DEPLOYMENT_TARGET = 16.0;
				LD_RUNPATH_SEARCH_PATHS = (
					"$(inherited)",
					"@executable_path/Frameworks",
				);
				MARKETING_VERSION = 1.0;
				PRODUCT_BUNDLE_IDENTIFIER = cz.marcel.PhotoExplorer;
				PRODUCT_NAME = "$(TARGET_NAME)";
				SWIFT_EMIT_LOC_STRINGS = YES;
				SWIFT_VERSION = 5.0;
				TARGETED_DEVICE_FAMILY = "1,2";
			};
			name = Release;
		};
		1F19B4BC2ACB281200D46FC1 /* Debug */ = {
			isa = XCBuildConfiguration;
			buildSettings = {
				ALWAYS_EMBED_SWIFT_STANDARD_LIBRARIES = YES;
				BUNDLE_LOADER = "$(TEST_HOST)";
				CODE_SIGN_STYLE = Automatic;
				CURRENT_PROJECT_VERSION = 1;
				DEVELOPMENT_TEAM = P3K32DW2KW;
				GENERATE_INFOPLIST_FILE = YES;
				IPHONEOS_DEPLOYMENT_TARGET = 17.0;
				MARKETING_VERSION = 1.0;
				PRODUCT_BUNDLE_IDENTIFIER = cz.marcel.PhotoExplorerTests;
				PRODUCT_NAME = "$(TARGET_NAME)";
				SWIFT_EMIT_LOC_STRINGS = NO;
				SWIFT_VERSION = 5.0;
				TARGETED_DEVICE_FAMILY = "1,2";
				TEST_HOST = "$(BUILT_PRODUCTS_DIR)/PhotoExplorer.app/$(BUNDLE_EXECUTABLE_FOLDER_PATH)/PhotoExplorer";
			};
			name = Debug;
		};
		1F19B4BD2ACB281200D46FC1 /* Release */ = {
			isa = XCBuildConfiguration;
			buildSettings = {
				ALWAYS_EMBED_SWIFT_STANDARD_LIBRARIES = YES;
				BUNDLE_LOADER = "$(TEST_HOST)";
				CODE_SIGN_STYLE = Automatic;
				CURRENT_PROJECT_VERSION = 1;
				DEVELOPMENT_TEAM = P3K32DW2KW;
				GENERATE_INFOPLIST_FILE = YES;
				IPHONEOS_DEPLOYMENT_TARGET = 17.0;
				MARKETING_VERSION = 1.0;
				PRODUCT_BUNDLE_IDENTIFIER = cz.marcel.PhotoExplorerTests;
				PRODUCT_NAME = "$(TARGET_NAME)";
				SWIFT_EMIT_LOC_STRINGS = NO;
				SWIFT_VERSION = 5.0;
				TARGETED_DEVICE_FAMILY = "1,2";
				TEST_HOST = "$(BUILT_PRODUCTS_DIR)/PhotoExplorer.app/$(BUNDLE_EXECUTABLE_FOLDER_PATH)/PhotoExplorer";
			};
			name = Release;
		};
		1F19B4BF2ACB281200D46FC1 /* Debug */ = {
			isa = XCBuildConfiguration;
			buildSettings = {
				ALWAYS_EMBED_SWIFT_STANDARD_LIBRARIES = YES;
				CODE_SIGN_STYLE = Automatic;
				CURRENT_PROJECT_VERSION = 1;
				DEVELOPMENT_TEAM = P3K32DW2KW;
				GENERATE_INFOPLIST_FILE = YES;
				MARKETING_VERSION = 1.0;
				PRODUCT_BUNDLE_IDENTIFIER = cz.marcel.PhotoExplorerUITests;
				PRODUCT_NAME = "$(TARGET_NAME)";
				SWIFT_EMIT_LOC_STRINGS = NO;
				SWIFT_VERSION = 5.0;
				TARGETED_DEVICE_FAMILY = "1,2";
				TEST_TARGET_NAME = PhotoExplorer;
			};
			name = Debug;
		};
		1F19B4C02ACB281200D46FC1 /* Release */ = {
			isa = XCBuildConfiguration;
			buildSettings = {
				ALWAYS_EMBED_SWIFT_STANDARD_LIBRARIES = YES;
				CODE_SIGN_STYLE = Automatic;
				CURRENT_PROJECT_VERSION = 1;
				DEVELOPMENT_TEAM = P3K32DW2KW;
				GENERATE_INFOPLIST_FILE = YES;
				MARKETING_VERSION = 1.0;
				PRODUCT_BUNDLE_IDENTIFIER = cz.marcel.PhotoExplorerUITests;
				PRODUCT_NAME = "$(TARGET_NAME)";
				SWIFT_EMIT_LOC_STRINGS = NO;
				SWIFT_VERSION = 5.0;
				TARGETED_DEVICE_FAMILY = "1,2";
				TEST_TARGET_NAME = PhotoExplorer;
			};
			name = Release;
		};
/* End XCBuildConfiguration section */

/* Begin XCConfigurationList section */
		1F19B48F2ACB281000D46FC1 /* Build configuration list for PBXProject "PhotoExplorer" */ = {
			isa = XCConfigurationList;
			buildConfigurations = (
				1F19B4B62ACB281200D46FC1 /* Debug */,
				1F19B4B72ACB281200D46FC1 /* Release */,
			);
			defaultConfigurationIsVisible = 0;
			defaultConfigurationName = Release;
		};
		1F19B4B82ACB281200D46FC1 /* Build configuration list for PBXNativeTarget "PhotoExplorer" */ = {
			isa = XCConfigurationList;
			buildConfigurations = (
				1F19B4B92ACB281200D46FC1 /* Debug */,
				1F19B4BA2ACB281200D46FC1 /* Release */,
			);
			defaultConfigurationIsVisible = 0;
			defaultConfigurationName = Release;
		};
		1F19B4BB2ACB281200D46FC1 /* Build configuration list for PBXNativeTarget "PhotoExplorerTests" */ = {
			isa = XCConfigurationList;
			buildConfigurations = (
				1F19B4BC2ACB281200D46FC1 /* Debug */,
				1F19B4BD2ACB281200D46FC1 /* Release */,
			);
			defaultConfigurationIsVisible = 0;
			defaultConfigurationName = Release;
		};
		1F19B4BE2ACB281200D46FC1 /* Build configuration list for PBXNativeTarget "PhotoExplorerUITests" */ = {
			isa = XCConfigurationList;
			buildConfigurations = (
				1F19B4BF2ACB281200D46FC1 /* Debug */,
				1F19B4C02ACB281200D46FC1 /* Release */,
			);
			defaultConfigurationIsVisible = 0;
			defaultConfigurationName = Release;
		};
/* End XCConfigurationList section */

/* Begin XCRemoteSwiftPackageReference section */
		1F19B4CE2ACC077500D46FC1 /* XCRemoteSwiftPackageReference "OAuthSwift" */ = {
			isa = XCRemoteSwiftPackageReference;
			repositoryURL = "https://github.com/OAuthSwift/OAuthSwift.git";
			requirement = {
				kind = upToNextMajorVersion;
				minimumVersion = 2.2.0;
			};
		};
		1F208E1E2AD19DA00097B56A /* XCRemoteSwiftPackageReference "Prephirences" */ = {
			isa = XCRemoteSwiftPackageReference;
			repositoryURL = "https://github.com/phimage/Prephirences";
			requirement = {
				kind = upToNextMajorVersion;
				minimumVersion = 5.4.1;
			};
		};
/* End XCRemoteSwiftPackageReference section */

/* Begin XCSwiftPackageProductDependency section */
		1F19B4CF2ACC077500D46FC1 /* OAuthSwift */ = {
			isa = XCSwiftPackageProductDependency;
			package = 1F19B4CE2ACC077500D46FC1 /* XCRemoteSwiftPackageReference "OAuthSwift" */;
			productName = OAuthSwift;
		};
		1F208E1F2AD19DA00097B56A /* Prephirences */ = {
			isa = XCSwiftPackageProductDependency;
			package = 1F208E1E2AD19DA00097B56A /* XCRemoteSwiftPackageReference "Prephirences" */;
			productName = Prephirences;
		};
/* End XCSwiftPackageProductDependency section */
	};
	rootObject = 1F19B48C2ACB281000D46FC1 /* Project object */;
}
